
Microsoft Visual Studio Solution File, Format Version 12.00
# Visual Studio Version 17
VisualStudioVersion = 17.11.35222.181
MinimumVisualStudioVersion = 10.0.40219.1
Project("{FAE04EC0-301F-11D3-BF4B-00C04F79EFBC}") = "sistemaAcoes", "sistemaAcoes\sistemaAcoes.csproj", "{629D37AE-0C02-4006-84AA-E7F57788C40D}"
EndProject
Global
	GlobalSection(SolutionConfigurationPlatforms) = preSolution
		Debug|Any CPU = Debug|Any CPU
		Release|Any CPU = Release|Any CPU
	EndGlobalSection
	GlobalSection(ProjectConfigurationPlatforms) = postSolution
		{629D37AE-0C02-4006-84AA-E7F57788C40D}.Debug|Any CPU.ActiveCfg = Debug|Any CPU
		{629D37AE-0C02-4006-84AA-E7F57788C40D}.Debug|Any CPU.Build.0 = Debug|Any CPU
		{629D37AE-0C02-4006-84AA-E7F57788C40D}.Release|Any CPU.ActiveCfg = Release|Any CPU
		{629D37AE-0C02-4006-84AA-E7F57788C40D}.Release|Any CPU.Build.0 = Release|Any CPU
	EndGlobalSection
	GlobalSection(SolutionProperties) = preSolution
		HideSolutionNode = FALSE
	EndGlobalSection
	GlobalSection(ExtensibilityGlobals) = postSolution
		SolutionGuid = {D57F9AA6-3F28-4507-B7A2-8CFCAF1B3846}
	EndGlobalSection
EndGlobal
